
Microsoft Visual Studio Solution File, Format Version 12.00
# Visual Studio Version 17
VisualStudioVersion = 17.0.31903.59
MinimumVisualStudioVersion = 10.0.40219.1
Project("{2150E333-8FDC-42A3-9474-1A3956D46DE8}") = "src", "src", "{827E0CD3-B72D-47B6-A68D-7590B98EB39B}"
EndProject
Project("{FAE04EC0-301F-11D3-BF4B-00C04F79EFBC}") = "Budgy.Api", "src\Budgy.Api\Budgy.Api.csproj", "{5A3054A7-A28B-458A-96DB-27FFF40036C4}"
EndProject
Project("{FAE04EC0-301F-11D3-BF4B-00C04F79EFBC}") = "Budgy.Domain", "src\Budgy.Domain\Budgy.Domain.csproj", "{223FD762-CD62-4EF6-AA66-C7D1EFA36C18}"
EndProject
Project("{FAE04EC0-301F-11D3-BF4B-00C04F79EFBC}") = "Budgy.Application", "src\Budgy.Application\Budgy.Application.csproj", "{890482D3-9FE6-4D2A-B77C-911F8E8BA79A}"
EndProject
Project("{FAE04EC0-301F-11D3-BF4B-00C04F79EFBC}") = "Budgy.Infrastructure", "src\Budgy.Infrastructure\Budgy.Infrastructure.csproj", "{A4836BF5-09B0-42F0-85B0-460EC1EE7A1B}"
EndProject
Global
	GlobalSection(SolutionConfigurationPlatforms) = preSolution
		Debug|Any CPU = Debug|Any CPU
		Debug|x64 = Debug|x64
		Debug|x86 = Debug|x86
		Release|Any CPU = Release|Any CPU
		Release|x64 = Release|x64
		Release|x86 = Release|x86
	EndGlobalSection
	GlobalSection(ProjectConfigurationPlatforms) = postSolution
		{5A3054A7-A28B-458A-96DB-27FFF40036C4}.Debug|Any CPU.ActiveCfg = Debug|Any CPU
		{5A3054A7-A28B-458A-96DB-27FFF40036C4}.Debug|Any CPU.Build.0 = Debug|Any CPU
		{5A3054A7-A28B-458A-96DB-27FFF40036C4}.Debug|x64.ActiveCfg = Debug|Any CPU
		{5A3054A7-A28B-458A-96DB-27FFF40036C4}.Debug|x64.Build.0 = Debug|Any CPU
		{5A3054A7-A28B-458A-96DB-27FFF40036C4}.Debug|x86.ActiveCfg = Debug|Any CPU
		{5A3054A7-A28B-458A-96DB-27FFF40036C4}.Debug|x86.Build.0 = Debug|Any CPU
		{5A3054A7-A28B-458A-96DB-27FFF40036C4}.Release|Any CPU.ActiveCfg = Release|Any CPU
		{5A3054A7-A28B-458A-96DB-27FFF40036C4}.Release|Any CPU.Build.0 = Release|Any CPU
		{5A3054A7-A28B-458A-96DB-27FFF40036C4}.Release|x64.ActiveCfg = Release|Any CPU
		{5A3054A7-A28B-458A-96DB-27FFF40036C4}.Release|x64.Build.0 = Release|Any CPU
		{5A3054A7-A28B-458A-96DB-27FFF40036C4}.Release|x86.ActiveCfg = Release|Any CPU
		{5A3054A7-A28B-458A-96DB-27FFF40036C4}.Release|x86.Build.0 = Release|Any CPU
		{223FD762-CD62-4EF6-AA66-C7D1EFA36C18}.Debug|Any CPU.ActiveCfg = Debug|Any CPU
		{223FD762-CD62-4EF6-AA66-C7D1EFA36C18}.Debug|Any CPU.Build.0 = Debug|Any CPU
		{223FD762-CD62-4EF6-AA66-C7D1EFA36C18}.Debug|x64.ActiveCfg = Debug|Any CPU
		{223FD762-CD62-4EF6-AA66-C7D1EFA36C18}.Debug|x64.Build.0 = Debug|Any CPU
		{223FD762-CD62-4EF6-AA66-C7D1EFA36C18}.Debug|x86.ActiveCfg = Debug|Any CPU
		{223FD762-CD62-4EF6-AA66-C7D1EFA36C18}.Debug|x86.Build.0 = Debug|Any CPU
		{223FD762-CD62-4EF6-AA66-C7D1EFA36C18}.Release|Any CPU.ActiveCfg = Release|Any CPU
		{223FD762-CD62-4EF6-AA66-C7D1EFA36C18}.Release|Any CPU.Build.0 = Release|Any CPU
		{223FD762-CD62-4EF6-AA66-C7D1EFA36C18}.Release|x64.ActiveCfg = Release|Any CPU
		{223FD762-CD62-4EF6-AA66-C7D1EFA36C18}.Release|x64.Build.0 = Release|Any CPU
		{223FD762-CD62-4EF6-AA66-C7D1EFA36C18}.Release|x86.ActiveCfg = Release|Any CPU
		{223FD762-CD62-4EF6-AA66-C7D1EFA36C18}.Release|x86.Build.0 = Release|Any CPU
		{890482D3-9FE6-4D2A-B77C-911F8E8BA79A}.Debug|Any CPU.ActiveCfg = Debug|Any CPU
		{890482D3-9FE6-4D2A-B77C-911F8E8BA79A}.Debug|Any CPU.Build.0 = Debug|Any CPU
		{890482D3-9FE6-4D2A-B77C-911F8E8BA79A}.Debug|x64.ActiveCfg = Debug|Any CPU
		{890482D3-9FE6-4D2A-B77C-911F8E8BA79A}.Debug|x64.Build.0 = Debug|Any CPU
		{890482D3-9FE6-4D2A-B77C-911F8E8BA79A}.Debug|x86.ActiveCfg = Debug|Any CPU
		{890482D3-9FE6-4D2A-B77C-911F8E8BA79A}.Debug|x86.Build.0 = Debug|Any CPU
		{890482D3-9FE6-4D2A-B77C-911F8E8BA79A}.Release|Any CPU.ActiveCfg = Release|Any CPU
		{890482D3-9FE6-4D2A-B77C-911F8E8BA79A}.Release|Any CPU.Build.0 = Release|Any CPU
		{890482D3-9FE6-4D2A-B77C-911F8E8BA79A}.Release|x64.ActiveCfg = Release|Any CPU
		{890482D3-9FE6-4D2A-B77C-911F8E8BA79A}.Release|x64.Build.0 = Release|Any CPU
		{890482D3-9FE6-4D2A-B77C-911F8E8BA79A}.Release|x86.ActiveCfg = Release|Any CPU
		{890482D3-9FE6-4D2A-B77C-911F8E8BA79A}.Release|x86.Build.0 = Release|Any CPU
		{A4836BF5-09B0-42F0-85B0-460EC1EE7A1B}.Debug|Any CPU.ActiveCfg = Debug|Any CPU
		{A4836BF5-09B0-42F0-85B0-460EC1EE7A1B}.Debug|Any CPU.Build.0 = Debug|Any CPU
		{A4836BF5-09B0-42F0-85B0-460EC1EE7A1B}.Debug|x64.ActiveCfg = Debug|Any CPU
		{A4836BF5-09B0-42F0-85B0-460EC1EE7A1B}.Debug|x64.Build.0 = Debug|Any CPU
		{A4836BF5-09B0-42F0-85B0-460EC1EE7A1B}.Debug|x86.ActiveCfg = Debug|Any CPU
		{A4836BF5-09B0-42F0-85B0-460EC1EE7A1B}.Debug|x86.Build.0 = Debug|Any CPU
		{A4836BF5-09B0-42F0-85B0-460EC1EE7A1B}.Release|Any CPU.ActiveCfg = Release|Any CPU
		{A4836BF5-09B0-42F0-85B0-460EC1EE7A1B}.Release|Any CPU.Build.0 = Release|Any CPU
		{A4836BF5-09B0-42F0-85B0-460EC1EE7A1B}.Release|x64.ActiveCfg = Release|Any CPU
		{A4836BF5-09B0-42F0-85B0-460EC1EE7A1B}.Release|x64.Build.0 = Release|Any CPU
		{A4836BF5-09B0-42F0-85B0-460EC1EE7A1B}.Release|x86.ActiveCfg = Release|Any CPU
		{A4836BF5-09B0-42F0-85B0-460EC1EE7A1B}.Release|x86.Build.0 = Release|Any CPU
	EndGlobalSection
	GlobalSection(SolutionProperties) = preSolution
		HideSolutionNode = FALSE
	EndGlobalSection
	GlobalSection(NestedProjects) = preSolution
		{5A3054A7-A28B-458A-96DB-27FFF40036C4} = {827E0CD3-B72D-47B6-A68D-7590B98EB39B}
		{223FD762-CD62-4EF6-AA66-C7D1EFA36C18} = {827E0CD3-B72D-47B6-A68D-7590B98EB39B}
		{890482D3-9FE6-4D2A-B77C-911F8E8BA79A} = {827E0CD3-B72D-47B6-A68D-7590B98EB39B}
		{A4836BF5-09B0-42F0-85B0-460EC1EE7A1B} = {827E0CD3-B72D-47B6-A68D-7590B98EB39B}
	EndGlobalSection
EndGlobal
